%{
  "coerce": {:hex, :coerce, "1.0.1", "211c27386315dc2894ac11bc1f413a0e38505d808153367bd5c6e75a4003d096", [:mix], [], "hexpm", "b44a691700f7a1a15b4b7e2ff1fa30bebd669929ac8aa43cffe9e2f8bf051cf1"},
  "currying": {:hex, :currying, "1.0.3", "6d036c86c38663a795858c9e744e406a62d7e5a66243a7da15326e731cdcd672", [:mix], [], "hexpm", "7b9b8cd644ecac635f0abf6267ca46d497e73144a5882449a843461a014f1154"},
  "decimal": {:hex, :decimal, "2.1.1", "5611dca5d4b2c3dd497dec8f68751f1f1a54755e8ed2a966c2633cf885973ad6", [:mix], [], "hexpm", "53cfe5f497ed0e7771ae1a475575603d77425099ba5faef9394932b35020ffcc"},
  "duct": {:hex, :duct, "1.0.3", "78794ef87244ec167a47b042395c4a3c386e4b71e5388ea3a6ed8a5fd53b84d6", [:mix], [], "hexpm", "81c5dd2b78e1083464bdb82a27309d5b6bba0c28126aaa0774a19862c98bf70a"},
  "earmark_parser": {:hex, :earmark_parser, "1.4.37", "2ad73550e27c8946648b06905a57e4d454e4d7229c2dafa72a0348c99d8be5f7", [:mix], [], "hexpm", "6b19783f2802f039806f375610faa22da130b8edc21209d0bff47918bb48360e"},
  "ex_doc": {:hex, :ex_doc, "0.30.7", "dc7247091aec738ab781f71cbebfc07979d1040c98c7ee67dbde99b7829b743d", [:mix], [{:earmark_parser, "~> 1.4.31", [hex: :earmark_parser, repo: "hexpm", optional: false]}, {:makeup_elixir, "~> 0.14", [hex: :makeup_elixir, repo: "hexpm", optional: false]}, {:makeup_erlang, "~> 0.1", [hex: :makeup_erlang, repo: "hexpm", optional: false]}], "hexpm", "868ff1c7a44c462741853840d1e7ef19a07906e7467cb8da070c158ea6a42a51"},
  "extractable": {:hex, :extractable, "0.2.1", "cf32f0cf2328c073505be285fedecbc984a4f5fec300370dc9c6125bf4d99975", [:mix], [], "hexpm", "42532209510e365c3c9a56c33a2b5448ab1645c0ae124f261162f2c166061019"},
  "fun_land": {:hex, :fun_land, "0.9.3", "0ca62fb92fcfa95fa50d7cf05b5a25ca49a709cad32ef4317e167b523f459e42", [:mix], [{:currying, "~> 1.0", [hex: :currying, repo: "hexpm", optional: false]}, {:numbers, "~> 5.0", [hex: :numbers, repo: "hexpm", optional: false]}], "hexpm", "258922fde86bf965b542a8868e1fbe7a0d2466c53c929d04576bb3955f4a0098"},
  "insertable": {:hex, :insertable, "0.2.0", "f9ef5e484d1cc0756f1d248a54466aa6388142a81df18f588158e3eda2501395", [:mix], [], "hexpm", "518a8b5870344c784dec4560a296e3ef539cd08e58df7f425485bb6158ab70d6"},
  "makeup": {:hex, :makeup, "1.1.0", "6b67c8bc2882a6b6a445859952a602afc1a41c2e08379ca057c0f525366fc3ca", [:mix], [{:nimble_parsec, "~> 1.2.2 or ~> 1.3", [hex: :nimble_parsec, repo: "hexpm", optional: false]}], "hexpm", "0a45ed501f4a8897f580eabf99a2e5234ea3e75a4373c8a52824f6e873be57a6"},
  "makeup_elixir": {:hex, :makeup_elixir, "0.16.1", "cc9e3ca312f1cfeccc572b37a09980287e243648108384b97ff2b76e505c3555", [:mix], [{:makeup, "~> 1.0", [hex: :makeup, repo: "hexpm", optional: false]}, {:nimble_parsec, "~> 1.2.3 or ~> 1.3", [hex: :nimble_parsec, repo: "hexpm", optional: false]}], "hexpm", "e127a341ad1b209bd80f7bd1620a15693a9908ed780c3b763bccf7d200c767c6"},
  "makeup_erlang": {:hex, :makeup_erlang, "0.1.2", "ad87296a092a46e03b7e9b0be7631ddcf64c790fa68a9ef5323b6cbb36affc72", [:mix], [{:makeup, "~> 1.0", [hex: :makeup, repo: "hexpm", optional: false]}], "hexpm", "f3f5a1ca93ce6e092d92b6d9c049bcda58a3b617a8d888f8e7231c85630e8108"},
  "nimble_parsec": {:hex, :nimble_parsec, "1.3.1", "2c54013ecf170e249e9291ed0a62e5832f70a476c61da16f6aac6dca0189f2af", [:mix], [], "hexpm", "2682e3c0b2eb58d90c6375fc0cc30bc7be06f365bf72608804fb9cffa5e1b167"},
  "numbers": {:hex, :numbers, "5.2.4", "f123d5bb7f6acc366f8f445e10a32bd403c8469bdbce8ce049e1f0972b607080", [:mix], [{:coerce, "~> 1.0", [hex: :coerce, repo: "hexpm", optional: false]}, {:decimal, "~> 1.9 or ~> 2.0", [hex: :decimal, repo: "hexpm", optional: true]}], "hexpm", "eeccf5c61d5f4922198395bf87a465b6f980b8b862dd22d28198c5e6fab38582"},
  "prioqueue": {:hex, :prioqueue, "0.2.7", "c95e1a8f1f6c82111334ae4d4f7cf00351f6e4908a05f2d437cc929d143c9f0c", [:mix], [{:extractable, "~> 0.2", [hex: :extractable, repo: "hexpm", optional: false]}, {:fun_land, "~> 0.9.0", [hex: :fun_land, repo: "hexpm", optional: false]}, {:insertable, "~> 0.2", [hex: :insertable, repo: "hexpm", optional: false]}], "hexpm", "ee0fdb4fae20c71166f3e582781d2d735d565fe84f0ef41853ce256111ceca30"},
  "tarams": {:hex, :tarams, "1.7.1", "93b162f14675940a8c2a7d62e1d4b7ed24654f9820698e095a6d80fff623d8e5", [:mix], [{:decimal, "~> 2.0", [hex: :decimal, repo: "hexpm", optional: false]}, {:valdi, "~> 0.3", [hex: :valdi, repo: "hexpm", optional: false]}], "hexpm", "080428693a6305cf4c19107b17fde2dee9d7f119445057afe8be3be920c13c1a"},
  "valdi": {:hex, :valdi, "0.3.0", "902005163c4d54ca11347a03f31546fa00cde5b00a1d860a8a78ab5cb583e8ca", [:mix], [], "hexpm", "60f63a2bd3d94a2def4073acd1f81931077ba29c7fd2f306a5fc9385e3e2fab9"},
}
